// !$*UTF8*$!
{
	archiveVersion = 1;
	classes = {
	};
	objectVersion = 50;
	objects = {

/* Begin PBXBuildFile section */
		3CB89276263E87040014D69F /* main.m in Sources */ = {isa = PBXBuildFile; fileRef = 3CB89275263E87040014D69F /* main.m */; };
		3CB89281263E88530014D69F /* Shape.m in Sources */ = {isa = PBXBuildFile; fileRef = 3CB89280263E88530014D69F /* Shape.m */; };
		3CB8928C263E8C240014D69F /* Circle.m in Sources */ = {isa = PBXBuildFile; fileRef = 3CB8928B263E8C240014D69F /* Circle.m */; };
		3CB89293263E9E730014D69F /* Rectangle.m in Sources */ = {isa = PBXBuildFile; fileRef = 3CB89292263E9E730014D69F /* Rectangle.m */; };
		3CB89298263EA9610014D69F /* Triangle.m in Sources */ = {isa = PBXBuildFile; fileRef = 3CB89297263EA9610014D69F /* Triangle.m */; };
/* End PBXBuildFile section */

/* Begin PBXCopyFilesBuildPhase section */
		3CB89270263E87040014D69F /* CopyFiles */ = {
			isa = PBXCopyFilesBuildPhase;
			buildActionMask = 2147483647;
			dstPath = /usr/share/man/man1/;
			dstSubfolderSpec = 0;
			files = (
			);
			runOnlyForDeploymentPostprocessing = 1;
		};
/* End PBXCopyFilesBuildPhase section */

/* Begin PBXFileReference section */
		3CB89272263E87040014D69F /* ObjCFundamentals_Task1 */ = {isa = PBXFileReference; explicitFileType = "compiled.mach-o.executable"; includeInIndex = 0; path = ObjCFundamentals_Task1; sourceTree = BUILT_PRODUCTS_DIR; };
		3CB89275263E87040014D69F /* main.m */ = {isa = PBXFileReference; lastKnownFileType = sourcecode.c.objc; path = main.m; sourceTree = "<group>"; };
		3CB8927F263E88530014D69F /* Shape.h */ = {isa = PBXFileReference; lastKnownFileType = sourcecode.c.h; path = Shape.h; sourceTree = "<group>"; };
		3CB89280263E88530014D69F /* Shape.m */ = {isa = PBXFileReference; lastKnownFileType = sourcecode.c.objc; path = Shape.m; sourceTree = "<group>"; };
		3CB8928A263E8C240014D69F /* Circle.h */ = {isa = PBXFileReference; lastKnownFileType = sourcecode.c.h; path = Circle.h; sourceTree = "<group>"; };
		3CB8928B263E8C240014D69F /* Circle.m */ = {isa = PBXFileReference; lastKnownFileType = sourcecode.c.objc; path = Circle.m; sourceTree = "<group>"; };
		3CB89291263E9E730014D69F /* Rectangle.h */ = {isa = PBXFileReference; lastKnownFileType = sourcecode.c.h; path = Rectangle.h; sourceTree = "<group>"; };
		3CB89292263E9E730014D69F /* Rectangle.m */ = {isa = PBXFileReference; lastKnownFileType = sourcecode.c.objc; path = Rectangle.m; sourceTree = "<group>"; };
		3CB89296263EA9610014D69F /* Triangle.h */ = {isa = PBXFileReference; lastKnownFileType = sourcecode.c.h; path = Triangle.h; sourceTree = "<group>"; };
		3CB89297263EA9610014D69F /* Triangle.m */ = {isa = PBXFileReference; lastKnownFileType = sourcecode.c.objc; path = Triangle.m; sourceTree = "<group>"; };
/* End PBXFileReference section */

/* Begin PBXFrameworksBuildPhase section */
		3CB8926F263E87040014D69F /* Frameworks */ = {
			isa = PBXFrameworksBuildPhase;
			buildActionMask = 2147483647;
			files = (
			);
			runOnlyForDeploymentPostprocessing = 0;
		};
/* End PBXFrameworksBuildPhase section */

/* Begin PBXGroup section */
		3CB89269263E87040014D69F = {
			isa = PBXGroup;
			children = (
				3CB89274263E87040014D69F /* ObjCFundamentals_Task1 */,
				3CB89273263E87040014D69F /* Products */,
			);
			sourceTree = "<group>";
		};
		3CB89273263E87040014D69F /* Products */ = {
			isa = PBXGroup;
			children = (
				3CB89272263E87040014D69F /* ObjCFundamentals_Task1 */,
			);
			name = Products;
			sourceTree = "<group>";
		};
		3CB89274263E87040014D69F /* ObjCFundamentals_Task1 */ = {
			isa = PBXGroup;
			children = (
				3CB8927D263E88090014D69F /* Model */,
				3CB89275263E87040014D69F /* main.m */,
			);
			path = ObjCFundamentals_Task1;
			sourceTree = "<group>";
		};
		3CB8927D263E88090014D69F /* Model */ = {
			isa = PBXGroup;
			children = (
				3CB89290263E9E580014D69F /* Triangle */,
				3CB8928F263E9E4A0014D69F /* Rectangle */,
				3CB89289263E8C0E0014D69F /* Circle */,
				3CB8927E263E881A0014D69F /* Shape */,
			);
			path = Model;
			sourceTree = "<group>";
		};
		3CB8927E263E881A0014D69F /* Shape */ = {
			isa = PBXGroup;
			children = (
				3CB8927F263E88530014D69F /* Shape.h */,
				3CB89280263E88530014D69F /* Shape.m */,
			);
			path = Shape;
			sourceTree = "<group>";
		};
		3CB89289263E8C0E0014D69F /* Circle */ = {
			isa = PBXGroup;
			children = (
				3CB8928A263E8C240014D69F /* Circle.h */,
				3CB8928B263E8C240014D69F /* Circle.m */,
			);
			path = Circle;
			sourceTree = "<group>";
		};
		3CB8928F263E9E4A0014D69F /* Rectangle */ = {
			isa = PBXGroup;
			children = (
				3CB89291263E9E730014D69F /* Rectangle.h */,
				3CB89292263E9E730014D69F /* Rectangle.m */,
			);
			path = Rectangle;
			sourceTree = "<group>";
		};
		3CB89290263E9E580014D69F /* Triangle */ = {
			isa = PBXGroup;
			children = (
				3CB89296263EA9610014D69F /* Triangle.h */,
				3CB89297263EA9610014D69F /* Triangle.m */,
			);
			path = Triangle;
			sourceTree = "<group>";
		};
/* End PBXGroup section */

/* Begin PBXNativeTarget section */
		3CB89271263E87040014D69F /* ObjCFundamentals_Task1 */ = {
			isa = PBXNativeTarget;
			buildConfigurationList = 3CB89279263E87040014D69F /* Build configuration list for PBXNativeTarget "ObjCFundamentals_Task1" */;
			buildPhases = (
				3CB8926E263E87040014D69F /* Sources */,
				3CB8926F263E87040014D69F /* Frameworks */,
				3CB89270263E87040014D69F /* CopyFiles */,
			);
			buildRules = (
			);
			dependencies = (
			);
			name = ObjCFundamentals_Task1;
			productName = ObjCFundamentals_Task1;
			productReference = 3CB89272263E87040014D69F /* ObjCFundamentals_Task1 */;
			productType = "com.apple.product-type.tool";
		};
/* End PBXNativeTarget section */

/* Begin PBXProject section */
		3CB8926A263E87040014D69F /* Project object */ = {
			isa = PBXProject;
			attributes = {
				LastUpgradeCheck = 1220;
				TargetAttributes = {
					3CB89271263E87040014D69F = {
						CreatedOnToolsVersion = 12.2;
					};
				};
			};
			buildConfigurationList = 3CB8926D263E87040014D69F /* Build configuration list for PBXProject "ObjCFundamentals_Task1" */;
			compatibilityVersion = "Xcode 9.3";
			developmentRegion = en;
			hasScannedForEncodings = 0;
			knownRegions = (
				en,
				Base,
			);
			mainGroup = 3CB89269263E87040014D69F;
			productRefGroup = 3CB89273263E87040014D69F /* Products */;
			projectDirPath = "";
			projectRoot = "";
			targets = (
				3CB89271263E87040014D69F /* ObjCFundamentals_Task1 */,
			);
		};
/* End PBXProject section */

/* Begin PBXSourcesBuildPhase section */
		3CB8926E263E87040014D69F /* Sources */ = {
			isa = PBXSourcesBuildPhase;
			buildActionMask = 2147483647;
			files = (
				3CB89298263EA9610014D69F /* Triangle.m in Sources */,
				3CB8928C263E8C240014D69F /* Circle.m in Sources */,
				3CB89276263E87040014D69F /* main.m in Sources */,
				3CB89281263E88530014D69F /* Shape.m in Sources */,
				3CB89293263E9E730014D69F /* Rectangle.m in Sources */,
			);
			runOnlyForDeploymentPostprocessing = 0;
		};
/* End PBXSourcesBuildPhase section */

/* Begin XCBuildConfiguration section */
		3CB89277263E87040014D69F /* Debug */ = {
			isa = XCBuildConfiguration;
			buildSettings = {
				ALWAYS_SEARCH_USER_PATHS = NO;
				CLANG_ANALYZER_NONNULL = YES;
				CLANG_ANALYZER_NUMBER_OBJECT_CONVERSION = YES_AGGRESSIVE;
				CLANG_CXX_LANGUAGE_STANDARD = "gnu++14";
				CLANG_CXX_LIBRARY = "libc++";
				CLANG_ENABLE_MODULES = YES;
				CLANG_ENABLE_OBJC_ARC = YES;
				CLANG_ENABLE_OBJC_WEAK = YES;
				CLANG_WARN_BLOCK_CAPTURE_AUTORELEASING = YES;
				CLANG_WARN_BOOL_CONVERSION = YES;
				CLANG_WARN_COMMA = YES;
				CLANG_WARN_CONSTANT_CONVERSION = YES;
				CLANG_WARN_DEPRECATED_OBJC_IMPLEMENTATIONS = YES;
				CLANG_WARN_DIRECT_OBJC_ISA_USAGE = YES_ERROR;
				CLANG_WARN_DOCUMENTATION_COMMENTS = YES;
				CLANG_WARN_EMPTY_BODY = YES;
				CLANG_WARN_ENUM_CONVERSION = YES;
				CLANG_WARN_INFINITE_RECURSION = YES;
				CLANG_WARN_INT_CONVERSION = YES;
				CLANG_WARN_NON_LITERAL_NULL_CONVERSION = YES;
				CLANG_WARN_OBJC_IMPLICIT_RETAIN_SELF = YES;
				CLANG_WARN_OBJC_LITERAL_CONVERSION = YES;
				CLANG_WARN_OBJC_ROOT_CLASS = YES_ERROR;
				CLANG_WARN_QUOTED_INCLUDE_IN_FRAMEWORK_HEADER = YES;
				CLANG_WARN_RANGE_LOOP_ANALYSIS = YES;
				CLANG_WARN_STRICT_PROTOTYPES = YES;
				CLANG_WARN_SUSPICIOUS_MOVE = YES;
				CLANG_WARN_UNGUARDED_AVAILABILITY = YES_AGGRESSIVE;
				CLANG_WARN_UNREACHABLE_CODE = YES;
				CLANG_WARN__DUPLICATE_METHOD_MATCH = YES;
				COPY_PHASE_STRIP = NO;
				DEBUG_INFORMATION_FORMAT = dwarf;
				ENABLE_STRICT_OBJC_MSGSEND = YES;
				ENABLE_TESTABILITY = YES;
				GCC_C_LANGUAGE_STANDARD = gnu11;
				GCC_DYNAMIC_NO_PIC = NO;
				GCC_NO_COMMON_BLOCKS = YES;
				GCC_OPTIMIZATION_LEVEL = 0;
				GCC_PREPROCESSOR_DEFINITIONS = (
					"DEBUG=1",
					"$(inherited)",
				);
				GCC_WARN_64_TO_32_BIT_CONVERSION = YES;
				GCC_WARN_ABOUT_RETURN_TYPE = YES_ERROR;
				GCC_WARN_UNDECLARED_SELECTOR = YES;
				GCC_WARN_UNINITIALIZED_AUTOS = YES_AGGRESSIVE;
				GCC_WARN_UNUSED_FUNCTION = YES;
				GCC_WARN_UNUSED_VARIABLE = YES;
				MACOSX_DEPLOYMENT_TARGET = 10.15;
				MTL_ENABLE_DEBUG_INFO = INCLUDE_SOURCE;
				MTL_FAST_MATH = YES;
				ONLY_ACTIVE_ARCH = YES;
				SDKROOT = macosx;
			};
			name = Debug;
		};
		3CB89278263E87040014D69F /* Release */ = {
			isa = XCBuildConfiguration;
			buildSettings = {
				ALWAYS_SEARCH_USER_PATHS = NO;
				CLANG_ANALYZER_NONNULL = YES;
				CLANG_ANALYZER_NUMBER_OBJECT_CONVERSION = YES_AGGRESSIVE;
				CLANG_CXX_LANGUAGE_STANDARD = "gnu++14";
				CLANG_CXX_LIBRARY = "libc++";
				CLANG_ENABLE_MODULES = YES;
				CLANG_ENABLE_OBJC_ARC = YES;
				CLANG_ENABLE_OBJC_WEAK = YES;
				CLANG_WARN_BLOCK_CAPTURE_AUTORELEASING = YES;
				CLANG_WARN_BOOL_CONVERSION = YES;
				CLANG_WARN_COMMA = YES;
				CLANG_WARN_CONSTANT_CONVERSION = YES;
				CLANG_WARN_DEPRECATED_OBJC_IMPLEMENTATIONS = YES;
				CLANG_WARN_DIRECT_OBJC_ISA_USAGE = YES_ERROR;
				CLANG_WARN_DOCUMENTATION_COMMENTS = YES;
				CLANG_WARN_EMPTY_BODY = YES;
				CLANG_WARN_ENUM_CONVERSION = YES;
				CLANG_WARN_INFINITE_RECURSION = YES;
				CLANG_WARN_INT_CONVERSION = YES;
				CLANG_WARN_NON_LITERAL_NULL_CONVERSION = YES;
				CLANG_WARN_OBJC_IMPLICIT_RETAIN_SELF = YES;
				CLANG_WARN_OBJC_LITERAL_CONVERSION = YES;
				CLANG_WARN_OBJC_ROOT_CLASS = YES_ERROR;
				CLANG_WARN_QUOTED_INCLUDE_IN_FRAMEWORK_HEADER = YES;
				CLANG_WARN_RANGE_LOOP_ANALYSIS = YES;
				CLANG_WARN_STRICT_PROTOTYPES = YES;
				CLANG_WARN_SUSPICIOUS_MOVE = YES;
				CLANG_WARN_UNGUARDED_AVAILABILITY = YES_AGGRESSIVE;
				CLANG_WARN_UNREACHABLE_CODE = YES;
				CLANG_WARN__DUPLICATE_METHOD_MATCH = YES;
				COPY_PHASE_STRIP = NO;
				DEBUG_INFORMATION_FORMAT = "dwarf-with-dsym";
				ENABLE_NS_ASSERTIONS = NO;
				ENABLE_STRICT_OBJC_MSGSEND = YES;
				GCC_C_LANGUAGE_STANDARD = gnu11;
				GCC_NO_COMMON_BLOCKS = YES;
				GCC_WARN_64_TO_32_BIT_CONVERSION = YES;
				GCC_WARN_ABOUT_RETURN_TYPE = YES_ERROR;
				GCC_WARN_UNDECLARED_SELECTOR = YES;
				GCC_WARN_UNINITIALIZED_AUTOS = YES_AGGRESSIVE;
				GCC_WARN_UNUSED_FUNCTION = YES;
				GCC_WARN_UNUSED_VARIABLE = YES;
				MACOSX_DEPLOYMENT_TARGET = 10.15;
				MTL_ENABLE_DEBUG_INFO = NO;
				MTL_FAST_MATH = YES;
				SDKROOT = macosx;
			};
			name = Release;
		};
		3CB8927A263E87040014D69F /* Debug */ = {
			isa = XCBuildConfiguration;
			buildSettings = {
				CODE_SIGN_STYLE = Automatic;
				DEVELOPMENT_TEAM = P8VCS3U2KK;
				ENABLE_HARDENED_RUNTIME = YES;
				PRODUCT_NAME = "$(TARGET_NAME)";
			};
			name = Debug;
		};
		3CB8927B263E87040014D69F /* Release */ = {
			isa = XCBuildConfiguration;
			buildSettings = {
				CODE_SIGN_STYLE = Automatic;
				DEVELOPMENT_TEAM = P8VCS3U2KK;
				ENABLE_HARDENED_RUNTIME = YES;
				PRODUCT_NAME = "$(TARGET_NAME)";
			};
			name = Release;
		};
/* End XCBuildConfiguration section */

/* Begin XCConfigurationList section */
		3CB8926D263E87040014D69F /* Build configuration list for PBXProject "ObjCFundamentals_Task1" */ = {
			isa = XCConfigurationList;
			buildConfigurations = (
				3CB89277263E87040014D69F /* Debug */,
				3CB89278263E87040014D69F /* Release */,
			);
			defaultConfigurationIsVisible = 0;
			defaultConfigurationName = Release;
		};
		3CB89279263E87040014D69F /* Build configuration list for PBXNativeTarget "ObjCFundamentals_Task1" */ = {
			isa = XCConfigurationList;
			buildConfigurations = (
				3CB8927A263E87040014D69F /* Debug */,
				3CB8927B263E87040014D69F /* Release */,
			);
			defaultConfigurationIsVisible = 0;
			defaultConfigurationName = Release;
		};
/* End XCConfigurationList section */
	};
	rootObject = 3CB8926A263E87040014D69F /* Project object */;
}
